{
  "name": "codex-imagegen-platform",
  "version": "0.1.0",
  "lockfileVersion": 3,
  "requires": true,
  "packages": {
    "": {
      "name": "codex-imagegen-platform",
      "version": "0.1.0",
      "dependencies": {
        "gpt-image-2-skill": "0.6.7"
      },
      "engines": {
        "node": ">=20"
      }
    },
    "node_modules/gpt-image-2-skill": {
      "version": "0.6.7",
      "resolved": "https://registry.npmjs.org/gpt-image-2-skill/-/gpt-image-2-skill-0.6.7.tgz",
      "integrity": "sha512-J1VEOQK8wAcAptSXbIlHEfCHPE2p65/H5q+fPhM7ssQyhcXcEoCqyFBpvXhVL5N5rWOZYQF6Afo0SG5BU75hIw==",
      "license": "MIT",
      "bin": {
        "gpt-image-2-skill": "bin/gpt-image-2-skill.js"
      },
      "engines": {
        "node": ">=18"
      },
      "optionalDependencies": {
        "gpt-image-2-skill-darwin-arm64": "0.6.7",
        "gpt-image-2-skill-darwin-x64": "0.6.7",
        "gpt-image-2-skill-linux-arm64-gnu": "0.6.7",
        "gpt-image-2-skill-linux-arm64-static": "0.6.7",
        "gpt-image-2-skill-linux-x64-gnu": "0.6.7",
        "gpt-image-2-skill-linux-x64-static": "0.6.7",
        "gpt-image-2-skill-windows-arm64-msvc": "0.6.7",
        "gpt-image-2-skill-windows-x64-msvc": "0.6.7"
      }
    },
    "node_modules/gpt-image-2-skill-darwin-arm64": {
      "version": "0.6.7",
      "resolved": "https://registry.npmjs.org/gpt-image-2-skill-darwin-arm64/-/gpt-image-2-skill-darwin-arm64-0.6.7.tgz",
      "integrity": "sha512-0VT8KBg/+2wGbko4yxKwnfsv4P8yErxspD1t4N4fYb0HXHZppdr4ZWBOTwHUWBL+e4H7OIv57/puld0e9YbaZw==",
      "cpu": [
        "arm64"
      ],
      "license": "MIT",
      "optional": true,
      "os": [
        "darwin"
      ],
      "bin": {
        "gpt-image-2-skill": "bin/gpt-image-2-skill"
      }
    },
    "node_modules/gpt-image-2-skill-darwin-x64": {
      "version": "0.6.7",
      "resolved": "https://registry.npmjs.org/gpt-image-2-skill-darwin-x64/-/gpt-image-2-skill-darwin-x64-0.6.7.tgz",
      "integrity": "sha512-E2jhzcIt3bUPJj0wjDLBKuj1l9ViGZWe8Oy8vHYdzDXNxWTkauu1H0sv9EC1zJCTBXLfJFjxwBwnTqk9cedlXg==",
      "cpu": [
        "x64"
      ],
      "license": "MIT",
      "optional": true,
      "os": [
        "darwin"
      ],
      "bin": {
        "gpt-image-2-skill": "bin/gpt-image-2-skill"
      }
    },
    "node_modules/gpt-image-2-skill-linux-arm64-gnu": {
      "version": "0.6.7",
      "resolved": "https://registry.npmjs.org/gpt-image-2-skill-linux-arm64-gnu/-/gpt-image-2-skill-linux-arm64-gnu-0.6.7.tgz",
      "integrity": "sha512-SXpvEnZyohaGjDyFVozCXedgHUDAcG6dRVHxIRdYpzM2j60oJJS5i5jxs5KoQ6mlyQaQ731CGOK38T4bjteNxw==",
      "cpu": [
        "arm64"
      ],
      "license": "MIT",
      "optional": true,
      "os": [
        "linux"
      ],
      "bin": {
        "gpt-image-2-skill": "bin/gpt-image-2-skill"
      }
    },
    "node_modules/gpt-image-2-skill-linux-arm64-static": {
      "version": "0.6.7",
      "resolved": "https://registry.npmjs.org/gpt-image-2-skill-linux-arm64-static/-/gpt-image-2-skill-linux-arm64-static-0.6.7.tgz",
      "integrity": "sha512-6OiOFh53khHwYRh7T3nKbilNnTHn2hzlnKzO9l6lgmDX0Y5HKYRmK0u3sZ8MDcbOC5dQJlFTCAzSdQ3gsPhvrQ==",
      "cpu": [
        "arm64"
      ],
      "license": "MIT",
      "optional": true,
      "os": [
        "linux"
      ],
      "bin": {
        "gpt-image-2-skill": "bin/gpt-image-2-skill"
      }
    },
    "node_modules/gpt-image-2-skill-linux-x64-gnu": {
      "version": "0.6.7",
      "resolved": "https://registry.npmjs.org/gpt-image-2-skill-linux-x64-gnu/-/gpt-image-2-skill-linux-x64-gnu-0.6.7.tgz",
      "integrity": "sha512-mggHcJUxqFIajDK6Y6xnaSm+N8A+d1F0h7EQLzQDlo6Pcs4PpxFfjDKCjrR8wUhowel4EbSClUNam7QMhR1RVA==",
      "cpu": [
        "x64"
      ],
      "license": "MIT",
      "optional": true,
      "os": [
        "linux"
      ],
      "bin": {
        "gpt-image-2-skill": "bin/gpt-image-2-skill"
      }
    },
    "node_modules/gpt-image-2-skill-linux-x64-static": {
      "version": "0.6.7",
      "resolved": "https://registry.npmjs.org/gpt-image-2-skill-linux-x64-static/-/gpt-image-2-skill-linux-x64-static-0.6.7.tgz",
      "integrity": "sha512-eCjuHqlcRTVnmtBVSwi4OibeGUD36pTKTNS6rzYQ2SW82o01r+4nUjoEEOljPQOF9i04Xx/rdFDt9iJwDQu/eA==",
      "cpu": [
        "x64"
      ],
      "license": "MIT",
      "optional": true,
      "os": [
        "linux"
      ],
      "bin": {
        "gpt-image-2-skill": "bin/gpt-image-2-skill"
      }
    },
    "node_modules/gpt-image-2-skill-windows-arm64-msvc": {
      "version": "0.6.7",
      "resolved": "https://registry.npmjs.org/gpt-image-2-skill-windows-arm64-msvc/-/gpt-image-2-skill-windows-arm64-msvc-0.6.7.tgz",
      "integrity": "sha512-CGXHciy5kN2qKx3W7iChPPt1CYHKdbQu5d+PRZXG5xVc3oBqJXlpBmIj4KDV7LIId4wkTlvXn6iQcBHFUV0BWg==",
      "cpu": [
        "arm64"
      ],
      "license": "MIT",
      "optional": true,
      "os": [
        "win32"
      ],
      "bin": {
        "gpt-image-2-skill": "bin/gpt-image-2-skill.exe"
      }
    },
    "node_modules/gpt-image-2-skill-windows-x64-msvc": {
      "version": "0.6.7",
      "resolved": "https://registry.npmjs.org/gpt-image-2-skill-windows-x64-msvc/-/gpt-image-2-skill-windows-x64-msvc-0.6.7.tgz",
      "integrity": "sha512-Ds6vfRQPFKB8wFQrikXOXRFzKdC4hPUmJDS7BXoHgMpp3z+HJ7uiBKSp8FGvpb17CEjISksn/6b8iGD9YJ4NGw==",
      "cpu": [
        "x64"
      ],
      "license": "MIT",
      "optional": true,
      "os": [
        "win32"
      ],
      "bin": {
        "gpt-image-2-skill": "bin/gpt-image-2-skill.exe"
      }
    }
  }
}
